PODS:
  - AFNetworking (4.0.1):
    - AFNetworking/NSURLSession (= 4.0.1)
    - AFNetworking/Reachability (= 4.0.1)
    - AFNetworking/Security (= 4.0.1)
    - AFNetworking/Serialization (= 4.0.1)
    - AFNetworking/UIKit (= 4.0.1)
  - AFNetworking/NSURLSession (4.0.1):
    - AFNetworking/Reachability
    - AFNetworking/Security
    - AFNetworking/Serialization
  - AFNetworking/Reachability (4.0.1)
  - AFNetworking/Security (4.0.1)
  - AFNetworking/Serialization (4.0.1)
  - AFNetworking/UIKit (4.0.1):
    - AFNetworking/NSURLSession
  - Masonry (1.1.0)
  - MBProgressHUD-YF (1.0.0)
  - MJExtension (3.2.2)
  - MJRefresh (3.5.0)
  - SDWebImage (5.9.0):
    - SDWebImage/Core (= 5.9.0)
  - SDWebImage/Core (5.9.0)
  - TXLiteAVSDK_Professional (7.6.9360)

DEPENDENCIES:
  - AFNetworking (~> 4.0.1)
  - Masonry
  - MBProgressHUD-YF
  - MJExtension
  - MJRefresh
  - SDWebImage
  - TXLiteAVSDK_Professional (from `http://pod-1252463788.cosgz.myqcloud.com/liteavsdkspec/TXLiteAVSDK_Professional.podspec`)

SPEC REPOS:
  trunk:
    - AFNetworking
    - Masonry
    - MBProgressHUD-YF
    - MJExtension
    - MJRefresh
    - SDWebImage

EXTERNAL SOURCES:
  TXLiteAVSDK_Professional:
    :podspec: http://pod-1252463788.cosgz.myqcloud.com/liteavsdkspec/TXLiteAVSDK_Professional.podspec

SPEC CHECKSUMS:
  AFNetworking: 7864c38297c79aaca1500c33288e429c3451fdce
  Masonry: 678fab65091a9290e40e2832a55e7ab731aad201
  MBProgressHUD-YF: 0fc6a8f0cb5028f34de62895e4bcf21a38fa02ca
  MJExtension: d9b9c74cbdeb724c1e9ecbb157b318276e62e876
  MJRefresh: 6afc955813966afb08305477dd7a0d9ad5e79a16
  SDWebImage: 62ae4a18473520c67b79e9724c31a63599cc9423
  TXLiteAVSDK_Professional: 0993da88b243cba8250f027903f8b5f0c08be1fa

PODFILE CHECKSUM: b85814ca337dd7f63588e380f805f47e48859156

COCOAPODS: 1.9.3
